{
  "nodes": {
    "msdf-atlas-gen": {
      "flake": false,
      "locked": {
        "lastModified": 1778948996,
        "narHash": "sha256-+iMf83v0FXB7rJOIOxBpokWa8njOYQjFTlQXNHiojDU=",
        "ref": "refs/heads/master",
        "rev": "6148900d59423059bafde2f51a0cb303184404bd",
        "revCount": 57,
        "submodules": true,
        "type": "git",
        "url": "https://github.com/Chlumsky/msdf-atlas-gen"
      },
      "original": {
        "submodules": true,
        "type": "git",
        "url": "https://github.com/Chlumsky/msdf-atlas-gen"
      }
    },
    "nixpkgs": {
      "locked": {
        "lastModified": 1784120854,
        "narHash": "sha256-KesHgItiZPgGX740axSiQLcIQ8D24MDqNpkKYWIek8k=",
        "owner": "nixos",
        "repo": "nixpkgs",
        "rev": "753cc8a3a87467296ddd1fa93f0cc3e81120ee46",
        "type": "github"
      },
      "original": {
        "owner": "nixos",
        "ref": "nixos-unstable",
        "repo": "nixpkgs",
        "type": "github"
      }
    },
    "root": {
      "inputs": {
        "msdf-atlas-gen": "msdf-atlas-gen",
        "nixpkgs": "nixpkgs",
        "utils": "utils",
        "zig2nix": "zig2nix"
      }
    },
    "systems": {
      "locked": {
        "lastModified": 1681028828,
        "narHash": "sha256-Vy1rq5AaRuLzOxct8nz4T6wlgyUR7zLU309k9mBC768=",
        "owner": "nix-systems",
        "repo": "default",
        "rev": "da67096a3b9bf56a91d16901293e51ba5b49a27e",
        "type": "github"
      },
      "original": {
        "owner": "nix-systems",
        "repo": "default",
        "type": "github"
      }
    },
    "utils": {
      "inputs": {
        "systems": "systems"
      },
      "locked": {
        "lastModified": 1731533236,
        "narHash": "sha256-l0KFg5HjrsfsO/JpG+r7fRrqm12kzFHyUHqHCVpMMbI=",
        "owner": "numtide",
        "repo": "flake-utils",
        "rev": "11707dc2f618dd54ca8739b309ec4fc024de578b",
        "type": "github"
      },
      "original": {
        "owner": "numtide",
        "repo": "flake-utils",
        "type": "github"
      }
    },
    "zig2nix": {
      "inputs": {
        "flake-utils": [
          "utils"
        ],
        "nixpkgs": [
          "nixpkgs"
        ]
      },
      "locked": {
        "lastModified": 1787987739,
        "narHash": "sha256-SdmHQxe1lp2mwcjjQiJGnmAgbv85TcSrnfBFhE1+D1w=",
        "owner": "Cloudef",
        "repo": "zig2nix",
        "rev": "212a188f5ffd07a0a3676260693670cd4f2c9f46",
        "type": "github"
      },
      "original": {
        "owner": "Cloudef",
        "repo": "zig2nix",
        "type": "github"
      }
    }
  },
  "root": "root",
  "version": 7
}
